{
  "name": "peertube-runner-image",
  "lockfileVersion": 3,
  "requires": true,
  "packages": {
    "": {
      "name": "peertube-runner-image",
      "dependencies": {
        "@peertube/peertube-runner": "0.6.0"
      },
      "engines": {
        "node": ">=22"
      }
    },
    "node_modules/@peertube/peertube-runner": {
      "version": "0.6.0",
      "resolved": "https://registry.npmjs.org/@peertube/peertube-runner/-/peertube-runner-0.6.0.tgz",
      "integrity": "sha512-gm9NMCgBOB1ko1xzsgq08LrXkGU5PXDc6zZeDQuqCwA8djFhnzt/eo2Gt84wt3qV0zva3lEoCS3UNHPwjILU1A==",
      "license": "AGPL-3.0",
      "bin": {
        "peertube-runner": "dist/peertube-runner.mjs"
      }
    }
  }
}
